github.com/konsorten/go-windows-terminal-sequences v1.0.1/go.mod h1:T0+1ngSBFLxvqU3pZ+m/2kptfBszLMUkC4ZK/EgS/cQ=
github.com/pmezard/go-difflib v1.0.0 h1:4DBwDE0NGyQoBHbLQYPwSUPoCMWR5BEzIk/f1lZbAQM=
github.com/pmezard/go-difflib v1.0.0/go.mod h1:iKH77koFhYxTK1pcRnkKkqfTogsbg7gZNVY4sRDYZ/4=
github.com/satori/go.uuid v1.2.0 h1:0uYX9dsZ2yD7q2RtLRtPSdGDWzjeM3TbMJP9utgA0ww=
github.com/satori/go.uuid v1.2.0/go.mod h1:dA0hQrYB0VpLJoorglMZABFdXlWrHn1NEOzdhQKdks0=
github.com/satori/go.uuid v1.2.1-0.20181028125025-b2ce2384e17b h1:gQZ0qzfKHQIybLANtM3mBXNUtOfsCFXeTsnBqCsx1KM=
github.com/satori/go.uuid v1.2.1-0.20181028125025-b2ce2384e17b/go.mod h1:dA0hQrYB0VpLJoorglMZABFdXlWrHn1NEOzdhQKdks0=
github.com/sirupsen/logrus v1.3.0/go.mod h1:LxeOpSwHxABJmUn/MG1IvRgCAasNZTLOkJPxbbu5VWo=
github.com/stretchr/objx v0.1.0/go.mod h1:HFkY916IF+rwdDfMAkV7OtwuqBVzrE8GR6GFx+wExME=
github.com/stretchr/objx v0.1.1/go.mod h1:HFkY916IF+rwdDfMAkV7OtwuqBVzrE8GR6GFx+wExME=
github.com/stretchr/testify v1.2.2/go.mod h1:a8OnRcib4nhh0OaRAV+Yts87kKdq0PP7pXfy6kDkUVs=
github.com/stretchr/testify v1.3.0 h1:TivCn/peBQ7UY8ooIcPgZFpTNSz0Q2U6UrFlUfqbe0Q=
github.com/stretchr/testify v1.3.0/go.mod h1:M5WIy9Dh21IEIfnGCwXGc5bZfKNJtfHm1UVUgZn+9EI=
gitlab.devtools.intel.com/sst/isecl/lib/common v0.0.0-20190319145058-2ffac27584ad h1:Mo/ZItypfekepE/GJVmd2c8M25fv6LUro0xR2cYNAks=
gitlab.devtools.intel.com/sst/isecl/lib/common v0.0.0-20190319145058-2ffac27584ad/go.mod h1:GS2vl+086n/fR3NszTZqou4eRVc7xTK0PqpYecqBBT4=
gitlab.devtools.intel.com/sst/isecl/lib/common v0.0.0-20190322055814-8a1879ffb98c h1:UlTG1ADQs2dTNG4y7/7C8fE8gQKKhkhGhaCVqVxS57Q=
gitlab.devtools.intel.com/sst/isecl/lib/common v0.0.0-20190322055814-8a1879ffb98c/go.mod h1:YylLONUT39eESWy4jB37E49b9EOYiTf4D3P/JcfwEiA=
gitlab.devtools.intel.com/sst/isecl/lib/common v0.0.0-20190322150646-918d55604b78 h1:AQcMiAJllqv9PshWUdHLo95ofEJuwSFvtQ8CtlM7hoo=
gitlab.devtools.intel.com/sst/isecl/lib/common v0.0.0-20190322150646-918d55604b78/go.mod h1:YylLONUT39eESWy4jB37E49b9EOYiTf4D3P/JcfwEiA=
